
Microsoft Visual Studio Solution File, Format Version 12.00
# Visual Studio 2013
VisualStudioVersion = 12.0.40629.0
MinimumVisualStudioVersion = 10.0.40219.1
Project("{8BC9CEB8-8B4A-11D0-8D11-00A0C91BC942}") = "color_classifier", "color_classifier\color_classifier.vcxproj", "{374858FB-5BA6-44E5-AA4A-BFD778A9D76D}"
EndProject
Project("{8BC9CEB8-8B4A-11D0-8D11-00A0C91BC942}") = "color_test", "color_test\color_test.vcxproj", "{98CF6EB1-4CDA-41C2-804B-FFA966536D99}"
EndProject
Global
	GlobalSection(SolutionConfigurationPlatforms) = preSolution
		Debug|Win32 = Debug|Win32
		Release|Win32 = Release|Win32
	EndGlobalSection
	GlobalSection(ProjectConfigurationPlatforms) = postSolution
		{374858FB-5BA6-44E5-AA4A-BFD778A9D76D}.Debug|Win32.ActiveCfg = Debug|Win32
		{374858FB-5BA6-44E5-AA4A-BFD778A9D76D}.Debug|Win32.Build.0 = Debug|Win32
		{374858FB-5BA6-44E5-AA4A-BFD778A9D76D}.Release|Win32.ActiveCfg = Release|Win32
		{374858FB-5BA6-44E5-AA4A-BFD778A9D76D}.Release|Win32.Build.0 = Release|Win32
		{98CF6EB1-4CDA-41C2-804B-FFA966536D99}.Debug|Win32.ActiveCfg = Debug|Win32
		{98CF6EB1-4CDA-41C2-804B-FFA966536D99}.Debug|Win32.Build.0 = Debug|Win32
		{98CF6EB1-4CDA-41C2-804B-FFA966536D99}.Release|Win32.ActiveCfg = Release|Win32
		{98CF6EB1-4CDA-41C2-804B-FFA966536D99}.Release|Win32.Build.0 = Release|Win32
	EndGlobalSection
	GlobalSection(SolutionProperties) = preSolution
		HideSolutionNode = FALSE
	EndGlobalSection
EndGlobal
